
Microsoft Visual Studio Solution File, Format Version 12.00
# Visual Studio Version 16
VisualStudioVersion = 16.0.30804.86
MinimumVisualStudioVersion = 10.0.40219.1
Project("{FAE04EC0-301F-11D3-BF4B-00C04F79EFBC}") = "Reguistro_Completo", "Reguistro_Completo\Reguistro_Completo.csproj", "{A1FBEF72-52D8-4F5B-B581-3613726F18C3}"
EndProject
Global
	GlobalSection(SolutionConfigurationPlatforms) = preSolution
		Debug|Any CPU = Debug|Any CPU
		Release|Any CPU = Release|Any CPU
	EndGlobalSection
	GlobalSection(ProjectConfigurationPlatforms) = postSolution
		{A1FBEF72-52D8-4F5B-B581-3613726F18C3}.Debug|Any CPU.ActiveCfg = Debug|Any CPU
		{A1FBEF72-52D8-4F5B-B581-3613726F18C3}.Debug|Any CPU.Build.0 = Debug|Any CPU
		{A1FBEF72-52D8-4F5B-B581-3613726F18C3}.Release|Any CPU.ActiveCfg = Release|Any CPU
		{A1FBEF72-52D8-4F5B-B581-3613726F18C3}.Release|Any CPU.Build.0 = Release|Any CPU
	EndGlobalSection
	GlobalSection(SolutionProperties) = preSolution
		HideSolutionNode = FALSE
	EndGlobalSection
	GlobalSection(ExtensibilityGlobals) = postSolution
		SolutionGuid = {B6F195C7-3A73-4CE7-B207-6E6E52A470BF}
	EndGlobalSection
EndGlobal
